schema: '2.0'
stages:
  train:
    cmd: python3 src/train.py
    deps:
    - path: data/nvn_prime_data.csv
      hash: md5
      md5: 8dcc382a4d3408742d61d7c06ef46d81
      size: 133073
    - path: src/train.py
      hash: md5
      md5: 98f358ff2c41bb1c5805bbfae4dab222
      size: 1036
    outs:
    - path: metrics.json
      hash: md5
      md5: 85d7e80a57fc6cffa21ff8d4a3e61d7f
      size: 19
    - path: models/churn_model.pkl
      hash: md5
      md5: 8961700733f856d3f08cf1ef906eac5a
      size: 204996
